
Microsoft Visual Studio Solution File, Format Version 12.00
# Visual Studio Version 17
VisualStudioVersion = 17.5.33414.496
MinimumVisualStudioVersion = 10.0.40219.1
Project("{FAE04EC0-301F-11D3-BF4B-00C04F79EFBC}") = "PROG7311_POE_PART_2", "PROG7311_POE_PART_2.csproj", "{23A4B444-DBA7-45B3-AA39-68E8F32DDF90}"
EndProject
Global
	GlobalSection(SolutionConfigurationPlatforms) = preSolution
		Debug|Any CPU = Debug|Any CPU
		Release|Any CPU = Release|Any CPU
	EndGlobalSection
	GlobalSection(ProjectConfigurationPlatforms) = postSolution
		{23A4B444-DBA7-45B3-AA39-68E8F32DDF90}.Debug|Any CPU.ActiveCfg = Debug|Any CPU
		{23A4B444-DBA7-45B3-AA39-68E8F32DDF90}.Debug|Any CPU.Build.0 = Debug|Any CPU
		{23A4B444-DBA7-45B3-AA39-68E8F32DDF90}.Release|Any CPU.ActiveCfg = Release|Any CPU
		{23A4B444-DBA7-45B3-AA39-68E8F32DDF90}.Release|Any CPU.Build.0 = Release|Any CPU
	EndGlobalSection
	GlobalSection(SolutionProperties) = preSolution
		HideSolutionNode = FALSE
	EndGlobalSection
	GlobalSection(ExtensibilityGlobals) = postSolution
		SolutionGuid = {96AAAAAD-59C4-471C-B034-8DF497FDD93E}
	EndGlobalSection
EndGlobal
